
Microsoft Visual Studio Solution File, Format Version 12.00
# Visual Studio Version 16
VisualStudioVersion = 16.0.31129.286
MinimumVisualStudioVersion = 10.0.40219.1
Project("{9A19103F-16F7-4668-BE54-9A1E7A4F7556}") = "Debtor", "Debtor\Debtor.csproj", "{050A79D5-CBD7-40D8-B7C0-E8E0BC33838F}"
EndProject
Project("{9A19103F-16F7-4668-BE54-9A1E7A4F7556}") = "Debtor.Core", "Debtor.Core\Debtor.Core.csproj", "{807A71B2-9A79-4B6B-BA01-5D250B73A094}"
EndProject
Global
	GlobalSection(SolutionConfigurationPlatforms) = preSolution
		Debug|Any CPU = Debug|Any CPU
		Release|Any CPU = Release|Any CPU
	EndGlobalSection
	GlobalSection(ProjectConfigurationPlatforms) = postSolution
		{050A79D5-CBD7-40D8-B7C0-E8E0BC33838F}.Debug|Any CPU.ActiveCfg = Debug|Any CPU
		{050A79D5-CBD7-40D8-B7C0-E8E0BC33838F}.Debug|Any CPU.Build.0 = Debug|Any CPU
		{050A79D5-CBD7-40D8-B7C0-E8E0BC33838F}.Release|Any CPU.ActiveCfg = Release|Any CPU
		{050A79D5-CBD7-40D8-B7C0-E8E0BC33838F}.Release|Any CPU.Build.0 = Release|Any CPU
		{807A71B2-9A79-4B6B-BA01-5D250B73A094}.Debug|Any CPU.ActiveCfg = Debug|Any CPU
		{807A71B2-9A79-4B6B-BA01-5D250B73A094}.Debug|Any CPU.Build.0 = Debug|Any CPU
		{807A71B2-9A79-4B6B-BA01-5D250B73A094}.Release|Any CPU.ActiveCfg = Release|Any CPU
		{807A71B2-9A79-4B6B-BA01-5D250B73A094}.Release|Any CPU.Build.0 = Release|Any CPU
	EndGlobalSection
	GlobalSection(SolutionProperties) = preSolution
		HideSolutionNode = FALSE
	EndGlobalSection
	GlobalSection(ExtensibilityGlobals) = postSolution
		SolutionGuid = {ADC76A11-2F78-46BD-B08A-294722A554EB}
	EndGlobalSection
EndGlobal
